
Microsoft Visual Studio Solution File, Format Version 12.00
# Visual Studio 14
VisualStudioVersion = 14.0.25420.1
MinimumVisualStudioVersion = 10.0.40219.1
Project("{2150E333-8FDC-42A3-9474-1A3956D46DE8}") = "Server", "Server", "{6EDC9F8C-E3C9-4C20-BA83-3435508BC5EA}"
EndProject
Project("{2150E333-8FDC-42A3-9474-1A3956D46DE8}") = "Clients", "Clients", "{C376FAC8-D214-44D6-BA58-FE7EE763EE4E}"
EndProject
Project("{FAE04EC0-301F-11D3-BF4B-00C04F79EFBC}") = "IdentityServer.AuthServer", "IdentityServer.AuthServer\IdentityServer.AuthServer.csproj", "{5D2CEBFD-C0D2-4D15-8B53-2DBEB5AD8DF2}"
EndProject
Project("{FAE04EC0-301F-11D3-BF4B-00C04F79EFBC}") = "IdentityServer.Core", "IdentityServer.Core\IdentityServer.Core.csproj", "{E1E244CE-6194-4D7F-B4C3-5BF38291A25D}"
EndProject
Project("{FAE04EC0-301F-11D3-BF4B-00C04F79EFBC}") = "IdentityServer.EFServices", "IdentityServer.EFServices\IdentityServer.EFServices.csproj", "{C4427187-A64A-4AD5-9C0E-A8504744D747}"
EndProject
Project("{FAE04EC0-301F-11D3-BF4B-00C04F79EFBC}") = "IdentityServer.AspNetIdentityServices", "IdentityServer.AspNetIdentityServices\IdentityServer.AspNetIdentityServices.csproj", "{BDF9674C-A115-4A80-942F-9523B872187A}"
EndProject
Project("{FAE04EC0-301F-11D3-BF4B-00C04F79EFBC}") = "IdentityServer.DefaultPopulateDbProvider", "IdentityServer.DefaultPopulateDbProvider\IdentityServer.DefaultPopulateDbProvider.csproj", "{3FBF438C-42EA-4569-B1B3-766D7008CA9A}"
EndProject
Global
	GlobalSection(SolutionConfigurationPlatforms) = preSolution
		Debug|Any CPU = Debug|Any CPU
		Release|Any CPU = Release|Any CPU
	EndGlobalSection
	GlobalSection(ProjectConfigurationPlatforms) = postSolution
		{5D2CEBFD-C0D2-4D15-8B53-2DBEB5AD8DF2}.Debug|Any CPU.ActiveCfg = Debug|Any CPU
		{5D2CEBFD-C0D2-4D15-8B53-2DBEB5AD8DF2}.Debug|Any CPU.Build.0 = Debug|Any CPU
		{5D2CEBFD-C0D2-4D15-8B53-2DBEB5AD8DF2}.Release|Any CPU.ActiveCfg = Release|Any CPU
		{5D2CEBFD-C0D2-4D15-8B53-2DBEB5AD8DF2}.Release|Any CPU.Build.0 = Release|Any CPU
		{E1E244CE-6194-4D7F-B4C3-5BF38291A25D}.Debug|Any CPU.ActiveCfg = Debug|Any CPU
		{E1E244CE-6194-4D7F-B4C3-5BF38291A25D}.Debug|Any CPU.Build.0 = Debug|Any CPU
		{E1E244CE-6194-4D7F-B4C3-5BF38291A25D}.Release|Any CPU.ActiveCfg = Release|Any CPU
		{E1E244CE-6194-4D7F-B4C3-5BF38291A25D}.Release|Any CPU.Build.0 = Release|Any CPU
		{C4427187-A64A-4AD5-9C0E-A8504744D747}.Debug|Any CPU.ActiveCfg = Debug|Any CPU
		{C4427187-A64A-4AD5-9C0E-A8504744D747}.Debug|Any CPU.Build.0 = Debug|Any CPU
		{C4427187-A64A-4AD5-9C0E-A8504744D747}.Release|Any CPU.ActiveCfg = Release|Any CPU
		{C4427187-A64A-4AD5-9C0E-A8504744D747}.Release|Any CPU.Build.0 = Release|Any CPU
		{BDF9674C-A115-4A80-942F-9523B872187A}.Debug|Any CPU.ActiveCfg = Debug|Any CPU
		{BDF9674C-A115-4A80-942F-9523B872187A}.Debug|Any CPU.Build.0 = Debug|Any CPU
		{BDF9674C-A115-4A80-942F-9523B872187A}.Release|Any CPU.ActiveCfg = Release|Any CPU
		{BDF9674C-A115-4A80-942F-9523B872187A}.Release|Any CPU.Build.0 = Release|Any CPU
		{3FBF438C-42EA-4569-B1B3-766D7008CA9A}.Debug|Any CPU.ActiveCfg = Debug|Any CPU
		{3FBF438C-42EA-4569-B1B3-766D7008CA9A}.Debug|Any CPU.Build.0 = Debug|Any CPU
		{3FBF438C-42EA-4569-B1B3-766D7008CA9A}.Release|Any CPU.ActiveCfg = Release|Any CPU
		{3FBF438C-42EA-4569-B1B3-766D7008CA9A}.Release|Any CPU.Build.0 = Release|Any CPU
	EndGlobalSection
	GlobalSection(SolutionProperties) = preSolution
		HideSolutionNode = FALSE
	EndGlobalSection
	GlobalSection(NestedProjects) = preSolution
		{5D2CEBFD-C0D2-4D15-8B53-2DBEB5AD8DF2} = {6EDC9F8C-E3C9-4C20-BA83-3435508BC5EA}
		{E1E244CE-6194-4D7F-B4C3-5BF38291A25D} = {6EDC9F8C-E3C9-4C20-BA83-3435508BC5EA}
		{C4427187-A64A-4AD5-9C0E-A8504744D747} = {6EDC9F8C-E3C9-4C20-BA83-3435508BC5EA}
		{BDF9674C-A115-4A80-942F-9523B872187A} = {6EDC9F8C-E3C9-4C20-BA83-3435508BC5EA}
		{3FBF438C-42EA-4569-B1B3-766D7008CA9A} = {6EDC9F8C-E3C9-4C20-BA83-3435508BC5EA}
	EndGlobalSection
EndGlobal
